
Microsoft Visual Studio Solution File, Format Version 12.00
# Visual Studio 14
VisualStudioVersion = 14.0.22823.1
MinimumVisualStudioVersion = 10.0.40219.1
Project("{2150E333-8FDC-42A3-9474-1A3956D46DE8}") = "src", "src", "{04EF0775-7C84-4CE4-8924-9C7358FB357A}"
EndProject
Project("{2150E333-8FDC-42A3-9474-1A3956D46DE8}") = "Solution Items", "Solution Items", "{9765C506-1F42-4326-A5E2-C8D34D860618}"
	ProjectSection(SolutionItems) = preProject
		global.json = global.json
	EndProjectSection
EndProject
Project("{8BB2217D-0F2D-49D1-97BC-3654ED321F3B}") = "StormPlate.Website", "src\StormPlate.Website\StormPlate.Website.xproj", "{7670BB63-6E80-4015-9FA4-A20711BD1B28}"
EndProject
Project("{2150E333-8FDC-42A3-9474-1A3956D46DE8}") = "Website", "Website", "{EFC45328-9E8B-4E45-A212-C623586123E4}"
EndProject
Project("{2150E333-8FDC-42A3-9474-1A3956D46DE8}") = "Core", "Core", "{955466D0-831C-44A1-9724-1FE7B45E9759}"
EndProject
Project("{2150E333-8FDC-42A3-9474-1A3956D46DE8}") = "DependencyInjection", "DependencyInjection", "{4AB6DE14-EB1C-4C9E-8489-2F89CA6869A9}"
EndProject
Project("{2150E333-8FDC-42A3-9474-1A3956D46DE8}") = "EntityFramework", "EntityFramework", "{3221E97F-EEE5-484D-973F-8B0BA561ACBF}"
EndProject
Project("{2150E333-8FDC-42A3-9474-1A3956D46DE8}") = "Services", "Services", "{0812A6CC-5FB1-41B7-A861-CA3326F77E01}"
EndProject
Project("{2150E333-8FDC-42A3-9474-1A3956D46DE8}") = "WebApi", "WebApi", "{60BA9799-DE93-4377-81B9-DF1D432BA8D1}"
EndProject
Project("{8BB2217D-0F2D-49D1-97BC-3654ED321F3B}") = "StormPlate.Core", "src\StormPlate.Core\StormPlate.Core.xproj", "{8F18882F-FC32-4A33-AC42-9930C6CCF697}"
EndProject
Project("{8BB2217D-0F2D-49D1-97BC-3654ED321F3B}") = "StormPlate.DependencyInjection", "src\StormPlate.DependencyInjection\StormPlate.DependencyInjection.xproj", "{1D8AC1B1-6E28-4E95-9C46-FDEA4C73B693}"
EndProject
Project("{8BB2217D-0F2D-49D1-97BC-3654ED321F3B}") = "StormPlate.EntityFramework", "src\StormPlate.EntityFramework\StormPlate.EntityFramework.xproj", "{7A8F8EF2-B383-4EDF-B1C2-A204CC5C578B}"
EndProject
Project("{8BB2217D-0F2D-49D1-97BC-3654ED321F3B}") = "StormPlate.EntityFramework.Models", "src\StormPlate.EntityFramework.Models\StormPlate.EntityFramework.Models.xproj", "{2D4BE277-473D-406B-A7A9-E279A6624B3B}"
EndProject
Project("{8BB2217D-0F2D-49D1-97BC-3654ED321F3B}") = "StormPlate.Services", "src\StormPlate.Services\StormPlate.Services.xproj", "{D7A42984-41A1-46F2-85AD-EE4AEA41DC2D}"
EndProject
Project("{8BB2217D-0F2D-49D1-97BC-3654ED321F3B}") = "StormPlate.WebApi", "src\StormPlate.WebApi\StormPlate.WebApi.xproj", "{48BBE7AA-FE51-4AD3-B286-78E38B2068AE}"
EndProject
Project("{8BB2217D-0F2D-49D1-97BC-3654ED321F3B}") = "StormPlate.WebApiHost", "src\StormPlate.WebApiHost\StormPlate.WebApiHost.xproj", "{BBA0106A-85E8-4B28-B437-CAC74C63C740}"
EndProject
Global
	GlobalSection(SolutionConfigurationPlatforms) = preSolution
		Debug|Any CPU = Debug|Any CPU
		Release|Any CPU = Release|Any CPU
	EndGlobalSection
	GlobalSection(ProjectConfigurationPlatforms) = postSolution
		{7670BB63-6E80-4015-9FA4-A20711BD1B28}.Debug|Any CPU.ActiveCfg = Debug|Any CPU
		{7670BB63-6E80-4015-9FA4-A20711BD1B28}.Debug|Any CPU.Build.0 = Debug|Any CPU
		{7670BB63-6E80-4015-9FA4-A20711BD1B28}.Release|Any CPU.ActiveCfg = Release|Any CPU
		{7670BB63-6E80-4015-9FA4-A20711BD1B28}.Release|Any CPU.Build.0 = Release|Any CPU
		{8F18882F-FC32-4A33-AC42-9930C6CCF697}.Debug|Any CPU.ActiveCfg = Debug|Any CPU
		{8F18882F-FC32-4A33-AC42-9930C6CCF697}.Debug|Any CPU.Build.0 = Debug|Any CPU
		{8F18882F-FC32-4A33-AC42-9930C6CCF697}.Release|Any CPU.ActiveCfg = Release|Any CPU
		{8F18882F-FC32-4A33-AC42-9930C6CCF697}.Release|Any CPU.Build.0 = Release|Any CPU
		{1D8AC1B1-6E28-4E95-9C46-FDEA4C73B693}.Debug|Any CPU.ActiveCfg = Debug|Any CPU
		{1D8AC1B1-6E28-4E95-9C46-FDEA4C73B693}.Debug|Any CPU.Build.0 = Debug|Any CPU
		{1D8AC1B1-6E28-4E95-9C46-FDEA4C73B693}.Release|Any CPU.ActiveCfg = Release|Any CPU
		{1D8AC1B1-6E28-4E95-9C46-FDEA4C73B693}.Release|Any CPU.Build.0 = Release|Any CPU
		{7A8F8EF2-B383-4EDF-B1C2-A204CC5C578B}.Debug|Any CPU.ActiveCfg = Debug|Any CPU
		{7A8F8EF2-B383-4EDF-B1C2-A204CC5C578B}.Debug|Any CPU.Build.0 = Debug|Any CPU
		{7A8F8EF2-B383-4EDF-B1C2-A204CC5C578B}.Release|Any CPU.ActiveCfg = Release|Any CPU
		{7A8F8EF2-B383-4EDF-B1C2-A204CC5C578B}.Release|Any CPU.Build.0 = Release|Any CPU
		{2D4BE277-473D-406B-A7A9-E279A6624B3B}.Debug|Any CPU.ActiveCfg = Debug|Any CPU
		{2D4BE277-473D-406B-A7A9-E279A6624B3B}.Debug|Any CPU.Build.0 = Debug|Any CPU
		{2D4BE277-473D-406B-A7A9-E279A6624B3B}.Release|Any CPU.ActiveCfg = Release|Any CPU
		{2D4BE277-473D-406B-A7A9-E279A6624B3B}.Release|Any CPU.Build.0 = Release|Any CPU
		{D7A42984-41A1-46F2-85AD-EE4AEA41DC2D}.Debug|Any CPU.ActiveCfg = Debug|Any CPU
		{D7A42984-41A1-46F2-85AD-EE4AEA41DC2D}.Debug|Any CPU.Build.0 = Debug|Any CPU
		{D7A42984-41A1-46F2-85AD-EE4AEA41DC2D}.Release|Any CPU.ActiveCfg = Release|Any CPU
		{D7A42984-41A1-46F2-85AD-EE4AEA41DC2D}.Release|Any CPU.Build.0 = Release|Any CPU
		{48BBE7AA-FE51-4AD3-B286-78E38B2068AE}.Debug|Any CPU.ActiveCfg = Debug|Any CPU
		{48BBE7AA-FE51-4AD3-B286-78E38B2068AE}.Debug|Any CPU.Build.0 = Debug|Any CPU
		{48BBE7AA-FE51-4AD3-B286-78E38B2068AE}.Release|Any CPU.ActiveCfg = Release|Any CPU
		{48BBE7AA-FE51-4AD3-B286-78E38B2068AE}.Release|Any CPU.Build.0 = Release|Any CPU
		{BBA0106A-85E8-4B28-B437-CAC74C63C740}.Debug|Any CPU.ActiveCfg = Debug|Any CPU
		{BBA0106A-85E8-4B28-B437-CAC74C63C740}.Debug|Any CPU.Build.0 = Debug|Any CPU
		{BBA0106A-85E8-4B28-B437-CAC74C63C740}.Release|Any CPU.ActiveCfg = Release|Any CPU
		{BBA0106A-85E8-4B28-B437-CAC74C63C740}.Release|Any CPU.Build.0 = Release|Any CPU
	EndGlobalSection
	GlobalSection(SolutionProperties) = preSolution
		HideSolutionNode = FALSE
	EndGlobalSection
	GlobalSection(NestedProjects) = preSolution
		{7670BB63-6E80-4015-9FA4-A20711BD1B28} = {EFC45328-9E8B-4E45-A212-C623586123E4}
		{EFC45328-9E8B-4E45-A212-C623586123E4} = {04EF0775-7C84-4CE4-8924-9C7358FB357A}
		{955466D0-831C-44A1-9724-1FE7B45E9759} = {04EF0775-7C84-4CE4-8924-9C7358FB357A}
		{4AB6DE14-EB1C-4C9E-8489-2F89CA6869A9} = {04EF0775-7C84-4CE4-8924-9C7358FB357A}
		{3221E97F-EEE5-484D-973F-8B0BA561ACBF} = {04EF0775-7C84-4CE4-8924-9C7358FB357A}
		{0812A6CC-5FB1-41B7-A861-CA3326F77E01} = {04EF0775-7C84-4CE4-8924-9C7358FB357A}
		{60BA9799-DE93-4377-81B9-DF1D432BA8D1} = {04EF0775-7C84-4CE4-8924-9C7358FB357A}
		{8F18882F-FC32-4A33-AC42-9930C6CCF697} = {955466D0-831C-44A1-9724-1FE7B45E9759}
		{1D8AC1B1-6E28-4E95-9C46-FDEA4C73B693} = {4AB6DE14-EB1C-4C9E-8489-2F89CA6869A9}
		{7A8F8EF2-B383-4EDF-B1C2-A204CC5C578B} = {3221E97F-EEE5-484D-973F-8B0BA561ACBF}
		{2D4BE277-473D-406B-A7A9-E279A6624B3B} = {3221E97F-EEE5-484D-973F-8B0BA561ACBF}
		{D7A42984-41A1-46F2-85AD-EE4AEA41DC2D} = {0812A6CC-5FB1-41B7-A861-CA3326F77E01}
		{48BBE7AA-FE51-4AD3-B286-78E38B2068AE} = {60BA9799-DE93-4377-81B9-DF1D432BA8D1}
		{BBA0106A-85E8-4B28-B437-CAC74C63C740} = {60BA9799-DE93-4377-81B9-DF1D432BA8D1}
	EndGlobalSection
EndGlobal
